
Microsoft Visual Studio Solution File, Format Version 12.00
# Visual Studio Version 17
VisualStudioVersion = 17.7.34024.191
MinimumVisualStudioVersion = 10.0.40219.1
Project("{FAE04EC0-301F-11D3-BF4B-00C04F79EFBC}") = "ObjectTaxi", "ObjectTaxi\ObjectTaxi.csproj", "{412AF89F-2C1A-4651-A5C6-BDEF530FA765}"
EndProject
Global
	GlobalSection(SolutionConfigurationPlatforms) = preSolution
		Debug|Any CPU = Debug|Any CPU
		Release|Any CPU = Release|Any CPU
	EndGlobalSection
	GlobalSection(ProjectConfigurationPlatforms) = postSolution
		{412AF89F-2C1A-4651-A5C6-BDEF530FA765}.Debug|Any CPU.ActiveCfg = Debug|Any CPU
		{412AF89F-2C1A-4651-A5C6-BDEF530FA765}.Debug|Any CPU.Build.0 = Debug|Any CPU
		{412AF89F-2C1A-4651-A5C6-BDEF530FA765}.Release|Any CPU.ActiveCfg = Release|Any CPU
		{412AF89F-2C1A-4651-A5C6-BDEF530FA765}.Release|Any CPU.Build.0 = Release|Any CPU
	EndGlobalSection
	GlobalSection(SolutionProperties) = preSolution
		HideSolutionNode = FALSE
	EndGlobalSection
	GlobalSection(ExtensibilityGlobals) = postSolution
		SolutionGuid = {02E7A660-7986-4223-BC7F-D161074AC5C3}
	EndGlobalSection
EndGlobal
